// !$*UTF8*$!
{
	archiveVersion = 1;
	classes = {
	};
	objectVersion = 55;
	objects = {

/* Begin PBXBuildFile section */
		2EBEB68353A51E5B21FBCE64 /* Pods_Paysonal.framework in Frameworks */ = {isa = PBXBuildFile; fileRef = DBA8396DA5F30127BDB8C52E /* Pods_Paysonal.framework */; };
		CA0B6E3926FC7F6D00B2CEA3 /* UIColorExtension.swift in Sources */ = {isa = PBXBuildFile; fileRef = CA0B6E3826FC7F6D00B2CEA3 /* UIColorExtension.swift */; };
		CA0B6E3B26FC84E100B2CEA3 /* BottomTabBarController.swift in Sources */ = {isa = PBXBuildFile; fileRef = CA0B6E3A26FC84E100B2CEA3 /* BottomTabBarController.swift */; };
		CA15A9D32701E0C500BCF49B /* Register.storyboard in Resources */ = {isa = PBXBuildFile; fileRef = CA15A9D22701E0C500BCF49B /* Register.storyboard */; };
		CA15A9D52701E0D600BCF49B /* RegisterVC.swift in Sources */ = {isa = PBXBuildFile; fileRef = CA15A9D42701E0D600BCF49B /* RegisterVC.swift */; };
		CA15A9D72701E0E000BCF49B /* RegisterViewModel.swift in Sources */ = {isa = PBXBuildFile; fileRef = CA15A9D62701E0E000BCF49B /* RegisterViewModel.swift */; };
		CA15A9D92701E57D00BCF49B /* LoginVC.swift in Sources */ = {isa = PBXBuildFile; fileRef = CA15A9D82701E57D00BCF49B /* LoginVC.swift */; };
		CA15A9DB2701E58600BCF49B /* LoginViewModel.swift in Sources */ = {isa = PBXBuildFile; fileRef = CA15A9DA2701E58600BCF49B /* LoginViewModel.swift */; };
		CA15A9DD2701E5D900BCF49B /* Login.storyboard in Resources */ = {isa = PBXBuildFile; fileRef = CA15A9DC2701E5D900BCF49B /* Login.storyboard */; };
		CA2DCB5526FCBC6A001A77B8 /* Entry.swift in Sources */ = {isa = PBXBuildFile; fileRef = CA2DCB5426FCBC6A001A77B8 /* Entry.swift */; };
		CA2DCB5726FDB0CA001A77B8 /* TransactionHistoryCell.xib in Resources */ = {isa = PBXBuildFile; fileRef = CA2DCB5626FDB0CA001A77B8 /* TransactionHistoryCell.xib */; };
		CA2DCB5926FDB211001A77B8 /* TransactionHistoryCell.swift in Sources */ = {isa = PBXBuildFile; fileRef = CA2DCB5826FDB211001A77B8 /* TransactionHistoryCell.swift */; };
		CA2DCB5B26FDB8C7001A77B8 /* TabItems.swift in Sources */ = {isa = PBXBuildFile; fileRef = CA2DCB5A26FDB8C7001A77B8 /* TabItems.swift */; };
		CA2DCB5E26FDCF5C001A77B8 /* AddTransactionVC.swift in Sources */ = {isa = PBXBuildFile; fileRef = CA2DCB5C26FDCF5C001A77B8 /* AddTransactionVC.swift */; };
		CA2DCB6126FDD06D001A77B8 /* AddTransaction.storyboard in Resources */ = {isa = PBXBuildFile; fileRef = CA2DCB6026FDD06D001A77B8 /* AddTransaction.storyboard */; };
		CA2DCB6526FDEB80001A77B8 /* AddTransactionViewModel.swift in Sources */ = {isa = PBXBuildFile; fileRef = CA2DCB6426FDEB80001A77B8 /* AddTransactionViewModel.swift */; };
		CA365A2E270339B300600D9F /* UIViewControllerExtension.swift in Sources */ = {isa = PBXBuildFile; fileRef = CA365A2D270339B300600D9F /* UIViewControllerExtension.swift */; };
		CA365A34270482C700600D9F /* DateExtension.swift in Sources */ = {isa = PBXBuildFile; fileRef = CA365A33270482C700600D9F /* DateExtension.swift */; };
		CA365A362704A84900600D9F /* NotificationNameExtension.swift in Sources */ = {isa = PBXBuildFile; fileRef = CA365A352704A84900600D9F /* NotificationNameExtension.swift */; };
		CA365A3827059F4E00600D9F /* Category.swift in Sources */ = {isa = PBXBuildFile; fileRef = CA365A3727059F4E00600D9F /* Category.swift */; };
		CA365A3E2705A88800600D9F /* NewCategoryAlertVC.swift in Sources */ = {isa = PBXBuildFile; fileRef = CA365A3D2705A88800600D9F /* NewCategoryAlertVC.swift */; };
		CA365A402705A94E00600D9F /* NewCategoryAlert.storyboard in Resources */ = {isa = PBXBuildFile; fileRef = CA365A3F2705A94E00600D9F /* NewCategoryAlert.storyboard */; };
		CA365A422705B50100600D9F /* NewCategoryViewModel.swift in Sources */ = {isa = PBXBuildFile; fileRef = CA365A412705B50100600D9F /* NewCategoryViewModel.swift */; };
		CA365A442705CF4C00600D9F /* StringExtension.swift in Sources */ = {isa = PBXBuildFile; fileRef = CA365A432705CF4C00600D9F /* StringExtension.swift */; };
		CA365A462705FC9800600D9F /* ChooseDateAlert.storyboard in Resources */ = {isa = PBXBuildFile; fileRef = CA365A452705FC9800600D9F /* ChooseDateAlert.storyboard */; };
		CA365A482705FCA500600D9F /* ChooseDateAlertVC.swift in Sources */ = {isa = PBXBuildFile; fileRef = CA365A472705FCA500600D9F /* ChooseDateAlertVC.swift */; };
		CA387AE5270C7045000F7492 /* EditCategoryAlert.storyboard in Resources */ = {isa = PBXBuildFile; fileRef = CA387AE4270C7045000F7492 /* EditCategoryAlert.storyboard */; };
		CA387AE7270C7397000F7492 /* EditCategoryAlertVC.swift in Sources */ = {isa = PBXBuildFile; fileRef = CA387AE6270C7397000F7492 /* EditCategoryAlertVC.swift */; };
		CA387AE9270C73B2000F7492 /* EditCategoryAlertViewModel.swift in Sources */ = {isa = PBXBuildFile; fileRef = CA387AE8270C73B2000F7492 /* EditCategoryAlertViewModel.swift */; };
		CA5F115A2706039100C5A126 /* ChooseDateViewModel.swift in Sources */ = {isa = PBXBuildFile; fileRef = CA5F11592706039100C5A126 /* ChooseDateViewModel.swift */; };
		CA5F115C270B11C500C5A126 /* SettingsViewModel.swift in Sources */ = {isa = PBXBuildFile; fileRef = CA5F115B270B11C500C5A126 /* SettingsViewModel.swift */; };
		CA5F115E270B2D3F00C5A126 /* GoogleService-Info.plist in Resources */ = {isa = PBXBuildFile; fileRef = CA5F115D270B2D3F00C5A126 /* GoogleService-Info.plist */; };
		CA5FE4EE270206A200605115 /* UIViewExtension.swift in Sources */ = {isa = PBXBuildFile; fileRef = CA5FE4ED270206A200605115 /* UIViewExtension.swift */; };
		CA5FE4F02702EDAA00605115 /* UITextFieldExtension.swift in Sources */ = {isa = PBXBuildFile; fileRef = CA5FE4EF2702EDAA00605115 /* UITextFieldExtension.swift */; };
		CA78F7EF26FC5BD800A6C0F8 /* AppDelegate.swift in Sources */ = {isa = PBXBuildFile; fileRef = CA78F7EE26FC5BD800A6C0F8 /* AppDelegate.swift */; };
		CA78F7F126FC5BD800A6C0F8 /* SceneDelegate.swift in Sources */ = {isa = PBXBuildFile; fileRef = CA78F7F026FC5BD800A6C0F8 /* SceneDelegate.swift */; };
		CA78F7F326FC5BD800A6C0F8 /* DashboardVC.swift in Sources */ = {isa = PBXBuildFile; fileRef = CA78F7F226FC5BD800A6C0F8 /* DashboardVC.swift */; };
		CA78F7F826FC5BDD00A6C0F8 /* Assets.xcassets in Resources */ = {isa = PBXBuildFile; fileRef = CA78F7F726FC5BDD00A6C0F8 /* Assets.xcassets */; };
		CA78F7FB26FC5BDD00A6C0F8 /* LaunchScreen.storyboard in Resources */ = {isa = PBXBuildFile; fileRef = CA78F7F926FC5BDD00A6C0F8 /* LaunchScreen.storyboard */; };
		CA78F80E26FC6AA800A6C0F8 /* Settings.storyboard in Resources */ = {isa = PBXBuildFile; fileRef = CA78F80D26FC6AA800A6C0F8 /* Settings.storyboard */; };
		CA78F81026FC6AB000A6C0F8 /* SettingsVC.swift in Sources */ = {isa = PBXBuildFile; fileRef = CA78F80F26FC6AB000A6C0F8 /* SettingsVC.swift */; };
		CA78F81226FC6E6500A6C0F8 /* Dashboard.storyboard in Resources */ = {isa = PBXBuildFile; fileRef = CA78F81126FC6E6500A6C0F8 /* Dashboard.storyboard */; };
		CAB1689726FEF45A00449D97 /* AppStrings.swift in Sources */ = {isa = PBXBuildFile; fileRef = CAB1689626FEF45A00449D97 /* AppStrings.swift */; };
		CAB1689926FEF54600449D97 /* AppConstants.swift in Sources */ = {isa = PBXBuildFile; fileRef = CAB1689826FEF54600449D97 /* AppConstants.swift */; };
		CAB1689B26FEF79900449D97 /* NibNames.swift in Sources */ = {isa = PBXBuildFile; fileRef = CAB1689A26FEF79900449D97 /* NibNames.swift */; };
		CAB1689E2701A46800449D97 /* UserTransactionsManager.swift in Sources */ = {isa = PBXBuildFile; fileRef = CAB1689D2701A46800449D97 /* UserTransactionsManager.swift */; };
		CAD0D3D526FCAAB4005B0254 /* Transaction.swift in Sources */ = {isa = PBXBuildFile; fileRef = CAD0D3D426FCAAB4005B0254 /* Transaction.swift */; };
		CAD0D3D726FCABDE005B0254 /* UserPreferences.swift in Sources */ = {isa = PBXBuildFile; fileRef = CAD0D3D626FCABDE005B0254 /* UserPreferences.swift */; };
		CAD0D3D926FCADDC005B0254 /* DashboardViewModel.swift in Sources */ = {isa = PBXBuildFile; fileRef = CAD0D3D826FCADDC005B0254 /* DashboardViewModel.swift */; };
/* End PBXBuildFile section */

/* Begin PBXFileReference section */
		09F6A8375E3D44A7A36BD08D /* Pods-Paysonal.debug.xcconfig */ = {isa = PBXFileReference; includeInIndex = 1; lastKnownFileType = text.xcconfig; name = "Pods-Paysonal.debug.xcconfig"; path = "Target Support Files/Pods-Paysonal/Pods-Paysonal.debug.xcconfig"; sourceTree = "<group>"; };
		1FC917A6C75A2E07C38D71F5 /* Pods-Paysonal.release.xcconfig */ = {isa = PBXFileReference; includeInIndex = 1; lastKnownFileType = text.xcconfig; name = "Pods-Paysonal.release.xcconfig"; path = "Target Support Files/Pods-Paysonal/Pods-Paysonal.release.xcconfig"; sourceTree = "<group>"; };
		CA0B6E3826FC7F6D00B2CEA3 /* UIColorExtension.swift */ = {isa = PBXFileReference; lastKnownFileType = sourcecode.swift; path = UIColorExtension.swift; sourceTree = "<group>"; };
		CA0B6E3A26FC84E100B2CEA3 /* BottomTabBarController.swift */ = {isa = PBXFileReference; lastKnownFileType = sourcecode.swift; path = BottomTabBarController.swift; sourceTree = "<group>"; };
		CA15A9D22701E0C500BCF49B /* Register.storyboard */ = {isa = PBXFileReference; lastKnownFileType = file.storyboard; path = Register.storyboard; sourceTree = "<group>"; };
		CA15A9D42701E0D600BCF49B /* RegisterVC.swift */ = {isa = PBXFileReference; lastKnownFileType = sourcecode.swift; name = RegisterVC.swift; path = ../../../../Desktop/RegisterVC.swift; sourceTree = "<group>"; };
		CA15A9D62701E0E000BCF49B /* RegisterViewModel.swift */ = {isa = PBXFileReference; lastKnownFileType = sourcecode.swift; path = RegisterViewModel.swift; sourceTree = "<group>"; };
		CA15A9D82701E57D00BCF49B /* LoginVC.swift */ = {isa = PBXFileReference; lastKnownFileType = sourcecode.swift; path = LoginVC.swift; sourceTree = "<group>"; };
		CA15A9DA2701E58600BCF49B /* LoginViewModel.swift */ = {isa = PBXFileReference; lastKnownFileType = sourcecode.swift; path = LoginViewModel.swift; sourceTree = "<group>"; };
		CA15A9DC2701E5D900BCF49B /* Login.storyboard */ = {isa = PBXFileReference; lastKnownFileType = file.storyboard; path = Login.storyboard; sourceTree = "<group>"; };
		CA2DCB5426FCBC6A001A77B8 /* Entry.swift */ = {isa = PBXFileReference; lastKnownFileType = sourcecode.swift; path = Entry.swift; sourceTree = "<group>"; };
		CA2DCB5626FDB0CA001A77B8 /* TransactionHistoryCell.xib */ = {isa = PBXFileReference; lastKnownFileType = file.xib; path = TransactionHistoryCell.xib; sourceTree = "<group>"; };
		CA2DCB5826FDB211001A77B8 /* TransactionHistoryCell.swift */ = {isa = PBXFileReference; lastKnownFileType = sourcecode.swift; path = TransactionHistoryCell.swift; sourceTree = "<group>"; };
		CA2DCB5A26FDB8C7001A77B8 /* TabItems.swift */ = {isa = PBXFileReference; fileEncoding = 4; lastKnownFileType = sourcecode.swift; path = TabItems.swift; sourceTree = "<group>"; };
		CA2DCB5C26FDCF5C001A77B8 /* AddTransactionVC.swift */ = {isa = PBXFileReference; lastKnownFileType = sourcecode.swift; path = AddTransactionVC.swift; sourceTree = "<group>"; };
		CA2DCB6026FDD06D001A77B8 /* AddTransaction.storyboard */ = {isa = PBXFileReference; lastKnownFileType = file.storyboard; path = AddTransaction.storyboard; sourceTree = "<group>"; };
		CA2DCB6426FDEB80001A77B8 /* AddTransactionViewModel.swift */ = {isa = PBXFileReference; lastKnownFileType = sourcecode.swift; path = AddTransactionViewModel.swift; sourceTree = "<group>"; };
		CA365A2D270339B300600D9F /* UIViewControllerExtension.swift */ = {isa = PBXFileReference; lastKnownFileType = sourcecode.swift; path = UIViewControllerExtension.swift; sourceTree = "<group>"; };
		CA365A33270482C700600D9F /* DateExtension.swift */ = {isa = PBXFileReference; lastKnownFileType = sourcecode.swift; path = DateExtension.swift; sourceTree = "<group>"; };
		CA365A352704A84900600D9F /* NotificationNameExtension.swift */ = {isa = PBXFileReference; lastKnownFileType = sourcecode.swift; path = NotificationNameExtension.swift; sourceTree = "<group>"; };
		CA365A3727059F4E00600D9F /* Category.swift */ = {isa = PBXFileReference; lastKnownFileType = sourcecode.swift; path = Category.swift; sourceTree = "<group>"; };
		CA365A3D2705A88800600D9F /* NewCategoryAlertVC.swift */ = {isa = PBXFileReference; lastKnownFileType = sourcecode.swift; path = NewCategoryAlertVC.swift; sourceTree = "<group>"; };
		CA365A3F2705A94E00600D9F /* NewCategoryAlert.storyboard */ = {isa = PBXFileReference; lastKnownFileType = file.storyboard; path = NewCategoryAlert.storyboard; sourceTree = "<group>"; };
		CA365A412705B50100600D9F /* NewCategoryViewModel.swift */ = {isa = PBXFileReference; lastKnownFileType = sourcecode.swift; name = NewCategoryViewModel.swift; path = ../../../../Desktop/NewCategoryViewModel.swift; sourceTree = "<group>"; };
		CA365A432705CF4C00600D9F /* StringExtension.swift */ = {isa = PBXFileReference; lastKnownFileType = sourcecode.swift; path = StringExtension.swift; sourceTree = "<group>"; };
		CA365A452705FC9800600D9F /* ChooseDateAlert.storyboard */ = {isa = PBXFileReference; lastKnownFileType = file.storyboard; path = ChooseDateAlert.storyboard; sourceTree = "<group>"; };
		CA365A472705FCA500600D9F /* ChooseDateAlertVC.swift */ = {isa = PBXFileReference; lastKnownFileType = sourcecode.swift; path = ChooseDateAlertVC.swift; sourceTree = "<group>"; };
		CA387AE4270C7045000F7492 /* EditCategoryAlert.storyboard */ = {isa = PBXFileReference; lastKnownFileType = file.storyboard; path = EditCategoryAlert.storyboard; sourceTree = "<group>"; };
		CA387AE6270C7397000F7492 /* EditCategoryAlertVC.swift */ = {isa = PBXFileReference; lastKnownFileType = sourcecode.swift; path = EditCategoryAlertVC.swift; sourceTree = "<group>"; };
		CA387AE8270C73B2000F7492 /* EditCategoryAlertViewModel.swift */ = {isa = PBXFileReference; lastKnownFileType = sourcecode.swift; path = EditCategoryAlertViewModel.swift; sourceTree = "<group>"; };
		CA5F11592706039100C5A126 /* ChooseDateViewModel.swift */ = {isa = PBXFileReference; lastKnownFileType = sourcecode.swift; path = ChooseDateViewModel.swift; sourceTree = "<group>"; };
		CA5F115B270B11C500C5A126 /* SettingsViewModel.swift */ = {isa = PBXFileReference; lastKnownFileType = sourcecode.swift; path = SettingsViewModel.swift; sourceTree = "<group>"; };
		CA5F115D270B2D3F00C5A126 /* GoogleService-Info.plist */ = {isa = PBXFileReference; fileEncoding = 4; lastKnownFileType = text.plist.xml; path = "GoogleService-Info.plist"; sourceTree = "<group>"; };
		CA5FE4ED270206A200605115 /* UIViewExtension.swift */ = {isa = PBXFileReference; lastKnownFileType = sourcecode.swift; path = UIViewExtension.swift; sourceTree = "<group>"; };
		CA5FE4EF2702EDAA00605115 /* UITextFieldExtension.swift */ = {isa = PBXFileReference; lastKnownFileType = sourcecode.swift; path = UITextFieldExtension.swift; sourceTree = "<group>"; };
		CA78F7EB26FC5BD800A6C0F8 /* Paysonal.app */ = {isa = PBXFileReference; explicitFileType = wrapper.application; includeInIndex = 0; path = Paysonal.app; sourceTree = BUILT_PRODUCTS_DIR; };
		CA78F7EE26FC5BD800A6C0F8 /* AppDelegate.swift */ = {isa = PBXFileReference; lastKnownFileType = sourcecode.swift; path = AppDelegate.swift; sourceTree = "<group>"; };
		CA78F7F026FC5BD800A6C0F8 /* SceneDelegate.swift */ = {isa = PBXFileReference; lastKnownFileType = sourcecode.swift; path = SceneDelegate.swift; sourceTree = "<group>"; };
		CA78F7F226FC5BD800A6C0F8 /* DashboardVC.swift */ = {isa = PBXFileReference; lastKnownFileType = sourcecode.swift; path = DashboardVC.swift; sourceTree = "<group>"; };
		CA78F7F726FC5BDD00A6C0F8 /* Assets.xcassets */ = {isa = PBXFileReference; lastKnownFileType = folder.assetcatalog; path = Assets.xcassets; sourceTree = "<group>"; };
		CA78F7FA26FC5BDD00A6C0F8 /* Base */ = {isa = PBXFileReference; lastKnownFileType = file.storyboard; name = Base; path = Base.lproj/LaunchScreen.storyboard; sourceTree = "<group>"; };
		CA78F7FC26FC5BDD00A6C0F8 /* Info.plist */ = {isa = PBXFileReference; lastKnownFileType = text.plist.xml; path = Info.plist; sourceTree = "<group>"; };
		CA78F80D26FC6AA800A6C0F8 /* Settings.storyboard */ = {isa = PBXFileReference; lastKnownFileType = file.storyboard; path = Settings.storyboard; sourceTree = "<group>"; };
		CA78F80F26FC6AB000A6C0F8 /* SettingsVC.swift */ = {isa = PBXFileReference; lastKnownFileType = sourcecode.swift; path = SettingsVC.swift; sourceTree = "<group>"; };
		CA78F81126FC6E6500A6C0F8 /* Dashboard.storyboard */ = {isa = PBXFileReference; lastKnownFileType = file.storyboard; path = Dashboard.storyboard; sourceTree = "<group>"; };
		CAB1689626FEF45A00449D97 /* AppStrings.swift */ = {isa = PBXFileReference; lastKnownFileType = sourcecode.swift; path = AppStrings.swift; sourceTree = "<group>"; };
		CAB1689826FEF54600449D97 /* AppConstants.swift */ = {isa = PBXFileReference; lastKnownFileType = sourcecode.swift; path = AppConstants.swift; sourceTree = "<group>"; };
		CAB1689A26FEF79900449D97 /* NibNames.swift */ = {isa = PBXFileReference; lastKnownFileType = sourcecode.swift; path = NibNames.swift; sourceTree = "<group>"; };
		CAB1689D2701A46800449D97 /* UserTransactionsManager.swift */ = {isa = PBXFileReference; lastKnownFileType = sourcecode.swift; path = UserTransactionsManager.swift; sourceTree = "<group>"; };
		CAD0D3D426FCAAB4005B0254 /* Transaction.swift */ = {isa = PBXFileReference; lastKnownFileType = sourcecode.swift; path = Transaction.swift; sourceTree = "<group>"; };
		CAD0D3D626FCABDE005B0254 /* UserPreferences.swift */ = {isa = PBXFileReference; lastKnownFileType = sourcecode.swift; path = UserPreferences.swift; sourceTree = "<group>"; };
		CAD0D3D826FCADDC005B0254 /* DashboardViewModel.swift */ = {isa = PBXFileReference; lastKnownFileType = sourcecode.swift; path = DashboardViewModel.swift; sourceTree = "<group>"; };
		DBA8396DA5F30127BDB8C52E /* Pods_Paysonal.framework */ = {isa = PBXFileReference; explicitFileType = wrapper.framework; includeInIndex = 0; path = Pods_Paysonal.framework; sourceTree = BUILT_PRODUCTS_DIR; };
/* End PBXFileReference section */

/* Begin PBXFrameworksBuildPhase section */
		CA78F7E826FC5BD800A6C0F8 /* Frameworks */ = {
			isa = PBXFrameworksBuildPhase;
			buildActionMask = 2147483647;
			files = (
				2EBEB68353A51E5B21FBCE64 /* Pods_Paysonal.framework in Frameworks */,
			);
			runOnlyForDeploymentPostprocessing = 0;
		};
/* End PBXFrameworksBuildPhase section */

/* Begin PBXGroup section */
		3DAE5FBA0EB1A0F371B85FDF /* Pods */ = {
			isa = PBXGroup;
			children = (
				09F6A8375E3D44A7A36BD08D /* Pods-Paysonal.debug.xcconfig */,
				1FC917A6C75A2E07C38D71F5 /* Pods-Paysonal.release.xcconfig */,
			);
			path = Pods;
			sourceTree = "<group>";
		};
		CA0B6E3026FC77CF00B2CEA3 /* Models */ = {
			isa = PBXGroup;
			children = (
				CA2DCB5A26FDB8C7001A77B8 /* TabItems.swift */,
				CAD0D3D426FCAAB4005B0254 /* Transaction.swift */,
				CA2DCB5426FCBC6A001A77B8 /* Entry.swift */,
				CAB1689626FEF45A00449D97 /* AppStrings.swift */,
				CAB1689826FEF54600449D97 /* AppConstants.swift */,
				CAB1689A26FEF79900449D97 /* NibNames.swift */,
				CA365A3727059F4E00600D9F /* Category.swift */,
			);
			path = Models;
			sourceTree = "<group>";
		};
		CA0B6E3726FC7F5500B2CEA3 /* Extentions */ = {
			isa = PBXGroup;
			children = (
				CA0B6E3826FC7F6D00B2CEA3 /* UIColorExtension.swift */,
				CA5FE4ED270206A200605115 /* UIViewExtension.swift */,
				CA5FE4EF2702EDAA00605115 /* UITextFieldExtension.swift */,
				CA365A2D270339B300600D9F /* UIViewControllerExtension.swift */,
				CA365A33270482C700600D9F /* DateExtension.swift */,
				CA365A352704A84900600D9F /* NotificationNameExtension.swift */,
				CA365A432705CF4C00600D9F /* StringExtension.swift */,
			);
			path = Extentions;
			sourceTree = "<group>";
		};
		CA78F7E226FC5BD700A6C0F8 = {
			isa = PBXGroup;
			children = (
				CA78F7ED26FC5BD800A6C0F8 /* Paysonal */,
				CA78F7EC26FC5BD800A6C0F8 /* Products */,
				3DAE5FBA0EB1A0F371B85FDF /* Pods */,
				DA4B9DADDDF9C35A4E2EB254 /* Frameworks */,
			);
			sourceTree = "<group>";
		};
		CA78F7EC26FC5BD800A6C0F8 /* Products */ = {
			isa = PBXGroup;
			children = (
				CA78F7EB26FC5BD800A6C0F8 /* Paysonal.app */,
			);
			name = Products;
			sourceTree = "<group>";
		};
		CA78F7ED26FC5BD800A6C0F8 /* Paysonal */ = {
			isa = PBXGroup;
			children = (
				CA78F7EE26FC5BD800A6C0F8 /* AppDelegate.swift */,
				CA78F7F026FC5BD800A6C0F8 /* SceneDelegate.swift */,
				CAB1689C2701A42D00449D97 /* Managers */,
				CA0B6E3726FC7F5500B2CEA3 /* Extentions */,
				CA0B6E3026FC77CF00B2CEA3 /* Models */,
				CA78F80426FC5E8F00A6C0F8 /* ViewModels */,
				CA78F80226FC5E7200A6C0F8 /* ViewControllers */,
				CA78F80326FC5E7E00A6C0F8 /* Storyboards */,
				CA78F7F726FC5BDD00A6C0F8 /* Assets.xcassets */,
				CA78F7F926FC5BDD00A6C0F8 /* LaunchScreen.storyboard */,
				CA5F115D270B2D3F00C5A126 /* GoogleService-Info.plist */,
				CA78F7FC26FC5BDD00A6C0F8 /* Info.plist */,
			);
			path = Paysonal;
			sourceTree = "<group>";
		};
		CA78F80226FC5E7200A6C0F8 /* ViewControllers */ = {
			isa = PBXGroup;
			children = (
				CA78F7F226FC5BD800A6C0F8 /* DashboardVC.swift */,
				CA78F80F26FC6AB000A6C0F8 /* SettingsVC.swift */,
				CA2DCB5C26FDCF5C001A77B8 /* AddTransactionVC.swift */,
				CA2DCB5826FDB211001A77B8 /* TransactionHistoryCell.swift */,
				CA15A9D42701E0D600BCF49B /* RegisterVC.swift */,
				CA15A9D82701E57D00BCF49B /* LoginVC.swift */,
				CA365A3D2705A88800600D9F /* NewCategoryAlertVC.swift */,
				CA365A472705FCA500600D9F /* ChooseDateAlertVC.swift */,
				CA387AE6270C7397000F7492 /* EditCategoryAlertVC.swift */,
			);
			path = ViewControllers;
			sourceTree = "<group>";
		};
		CA78F80326FC5E7E00A6C0F8 /* Storyboards */ = {
			isa = PBXGroup;
			children = (
				CA78F80D26FC6AA800A6C0F8 /* Settings.storyboard */,
				CA78F81126FC6E6500A6C0F8 /* Dashboard.storyboard */,
				CA2DCB5626FDB0CA001A77B8 /* TransactionHistoryCell.xib */,
				CA2DCB6026FDD06D001A77B8 /* AddTransaction.storyboard */,
				CA15A9D22701E0C500BCF49B /* Register.storyboard */,
				CA15A9DC2701E5D900BCF49B /* Login.storyboard */,
				CA365A3F2705A94E00600D9F /* NewCategoryAlert.storyboard */,
				CA365A452705FC9800600D9F /* ChooseDateAlert.storyboard */,
				CA387AE4270C7045000F7492 /* EditCategoryAlert.storyboard */,
			);
			path = Storyboards;
			sourceTree = "<group>";
		};
		CA78F80426FC5E8F00A6C0F8 /* ViewModels */ = {
			isa = PBXGroup;
			children = (
				CA0B6E3A26FC84E100B2CEA3 /* BottomTabBarController.swift */,
				CAD0D3D826FCADDC005B0254 /* DashboardViewModel.swift */,
				CA2DCB6426FDEB80001A77B8 /* AddTransactionViewModel.swift */,
				CA15A9D62701E0E000BCF49B /* RegisterViewModel.swift */,
				CA15A9DA2701E58600BCF49B /* LoginViewModel.swift */,
				CA365A412705B50100600D9F /* NewCategoryViewModel.swift */,
				CA5F11592706039100C5A126 /* ChooseDateViewModel.swift */,
				CA5F115B270B11C500C5A126 /* SettingsViewModel.swift */,
				CA387AE8270C73B2000F7492 /* EditCategoryAlertViewModel.swift */,
			);
			path = ViewModels;
			sourceTree = "<group>";
		};
		CAB1689C2701A42D00449D97 /* Managers */ = {
			isa = PBXGroup;
			children = (
				CAD0D3D626FCABDE005B0254 /* UserPreferences.swift */,
				CAB1689D2701A46800449D97 /* UserTransactionsManager.swift */,
			);
			path = Managers;
			sourceTree = "<group>";
		};
		DA4B9DADDDF9C35A4E2EB254 /* Frameworks */ = {
			isa = PBXGroup;
			children = (
				DBA8396DA5F30127BDB8C52E /* Pods_Paysonal.framework */,
			);
			name = Frameworks;
			sourceTree = "<group>";
		};
/* End PBXGroup section */

/* Begin PBXNativeTarget section */
		CA78F7EA26FC5BD800A6C0F8 /* Paysonal */ = {
			isa = PBXNativeTarget;
			buildConfigurationList = CA78F7FF26FC5BDD00A6C0F8 /* Build configuration list for PBXNativeTarget "Paysonal" */;
			buildPhases = (
				8AC014388069BF8E9A86E696 /* [CP] Check Pods Manifest.lock */,
				CA78F7E726FC5BD800A6C0F8 /* Sources */,
				CA78F7E826FC5BD800A6C0F8 /* Frameworks */,
				CA78F7E926FC5BD800A6C0F8 /* Resources */,
				0FBB561A311B62AD0DB116FE /* [CP] Embed Pods Frameworks */,
			);
			buildRules = (
			);
			dependencies = (
			);
			name = Paysonal;
			productName = Paysonal;
			productReference = CA78F7EB26FC5BD800A6C0F8 /* Paysonal.app */;
			productType = "com.apple.product-type.application";
		};
/* End PBXNativeTarget section */

/* Begin PBXProject section */
		CA78F7E326FC5BD700A6C0F8 /* Project object */ = {
			isa = PBXProject;
			attributes = {
				BuildIndependentTargetsInParallel = 1;
				LastSwiftUpdateCheck = 1300;
				LastUpgradeCheck = 1300;
				TargetAttributes = {
					CA78F7EA26FC5BD800A6C0F8 = {
						CreatedOnToolsVersion = 13.0;
					};
				};
			};
			buildConfigurationList = CA78F7E626FC5BD700A6C0F8 /* Build configuration list for PBXProject "Paysonal" */;
			compatibilityVersion = "Xcode 13.0";
			developmentRegion = en;
			hasScannedForEncodings = 0;
			knownRegions = (
				en,
				Base,
			);
			mainGroup = CA78F7E226FC5BD700A6C0F8;
			productRefGroup = CA78F7EC26FC5BD800A6C0F8 /* Products */;
			projectDirPath = "";
			projectRoot = "";
			targets = (
				CA78F7EA26FC5BD800A6C0F8 /* Paysonal */,
			);
		};
/* End PBXProject section */

/* Begin PBXResourcesBuildPhase section */
		CA78F7E926FC5BD800A6C0F8 /* Resources */ = {
			isa = PBXResourcesBuildPhase;
			buildActionMask = 2147483647;
			files = (
				CA78F7FB26FC5BDD00A6C0F8 /* LaunchScreen.storyboard in Resources */,
				CA78F7F826FC5BDD00A6C0F8 /* Assets.xcassets in Resources */,
				CA365A462705FC9800600D9F /* ChooseDateAlert.storyboard in Resources */,
				CA387AE5270C7045000F7492 /* EditCategoryAlert.storyboard in Resources */,
				CA78F80E26FC6AA800A6C0F8 /* Settings.storyboard in Resources */,
				CA2DCB6126FDD06D001A77B8 /* AddTransaction.storyboard in Resources */,
				CA78F81226FC6E6500A6C0F8 /* Dashboard.storyboard in Resources */,
				CA365A402705A94E00600D9F /* NewCategoryAlert.storyboard in Resources */,
				CA2DCB5726FDB0CA001A77B8 /* TransactionHistoryCell.xib in Resources */,
				CA5F115E270B2D3F00C5A126 /* GoogleService-Info.plist in Resources */,
				CA15A9D32701E0C500BCF49B /* Register.storyboard in Resources */,
				CA15A9DD2701E5D900BCF49B /* Login.storyboard in Resources */,
			);
			runOnlyForDeploymentPostprocessing = 0;
		};
/* End PBXResourcesBuildPhase section */

/* Begin PBXShellScriptBuildPhase section */
		0FBB561A311B62AD0DB116FE /* [CP] Embed Pods Frameworks */ = {
			isa = PBXShellScriptBuildPhase;
			buildActionMask = 2147483647;
			files = (
			);
			inputFileListPaths = (
				"${PODS_ROOT}/Target Support Files/Pods-Paysonal/Pods-Paysonal-frameworks-${CONFIGURATION}-input-files.xcfilelist",
			);
			name = "[CP] Embed Pods Frameworks";
			outputFileListPaths = (
				"${PODS_ROOT}/Target Support Files/Pods-Paysonal/Pods-Paysonal-frameworks-${CONFIGURATION}-output-files.xcfilelist",
			);
			runOnlyForDeploymentPostprocessing = 0;
			shellPath = /bin/sh;
			shellScript = "\"${PODS_ROOT}/Target Support Files/Pods-Paysonal/Pods-Paysonal-frameworks.sh\"\n";
			showEnvVarsInLog = 0;
		};
		8AC014388069BF8E9A86E696 /* [CP] Check Pods Manifest.lock */ = {
			isa = PBXShellScriptBuildPhase;
			buildActionMask = 2147483647;
			files = (
			);
			inputFileListPaths = (
			);
			inputPaths = (
				"${PODS_PODFILE_DIR_PATH}/Podfile.lock",
				"${PODS_ROOT}/Manifest.lock",
			);
			name = "[CP] Check Pods Manifest.lock";
			outputFileListPaths = (
			);
			outputPaths = (
				"$(DERIVED_FILE_DIR)/Pods-Paysonal-checkManifestLockResult.txt",
			);
			runOnlyForDeploymentPostprocessing = 0;
			shellPath = /bin/sh;
			shellScript = "diff \"${PODS_PODFILE_DIR_PATH}/Podfile.lock\" \"${PODS_ROOT}/Manifest.lock\" > /dev/null\nif [ $? != 0 ] ; then\n    # print error to STDERR\n    echo \"error: The sandbox is not in sync with the Podfile.lock. Run 'pod install' or update your CocoaPods installation.\" >&2\n    exit 1\nfi\n# This output is used by Xcode 'outputs' to avoid re-running this script phase.\necho \"SUCCESS\" > \"${SCRIPT_OUTPUT_FILE_0}\"\n";
			showEnvVarsInLog = 0;
		};
/* End PBXShellScriptBuildPhase section */

/* Begin PBXSourcesBuildPhase section */
		CA78F7E726FC5BD800A6C0F8 /* Sources */ = {
			isa = PBXSourcesBuildPhase;
			buildActionMask = 2147483647;
			files = (
				CA365A362704A84900600D9F /* NotificationNameExtension.swift in Sources */,
				CA365A442705CF4C00600D9F /* StringExtension.swift in Sources */,
				CA365A482705FCA500600D9F /* ChooseDateAlertVC.swift in Sources */,
				CA15A9DB2701E58600BCF49B /* LoginViewModel.swift in Sources */,
				CA15A9D92701E57D00BCF49B /* LoginVC.swift in Sources */,
				CAB1689B26FEF79900449D97 /* NibNames.swift in Sources */,
				CA2DCB5526FCBC6A001A77B8 /* Entry.swift in Sources */,
				CAB1689926FEF54600449D97 /* AppConstants.swift in Sources */,
				CA365A34270482C700600D9F /* DateExtension.swift in Sources */,
				CA2DCB5926FDB211001A77B8 /* TransactionHistoryCell.swift in Sources */,
				CA5FE4EE270206A200605115 /* UIViewExtension.swift in Sources */,
				CA2DCB5E26FDCF5C001A77B8 /* AddTransactionVC.swift in Sources */,
				CA365A2E270339B300600D9F /* UIViewControllerExtension.swift in Sources */,
				CAD0D3D526FCAAB4005B0254 /* Transaction.swift in Sources */,
				CA78F7F326FC5BD800A6C0F8 /* DashboardVC.swift in Sources */,
				CA5FE4F02702EDAA00605115 /* UITextFieldExtension.swift in Sources */,
				CAB1689726FEF45A00449D97 /* AppStrings.swift in Sources */,
				CA15A9D52701E0D600BCF49B /* RegisterVC.swift in Sources */,
				CA78F7EF26FC5BD800A6C0F8 /* AppDelegate.swift in Sources */,
				CA5F115A2706039100C5A126 /* ChooseDateViewModel.swift in Sources */,
				CA387AE9270C73B2000F7492 /* EditCategoryAlertViewModel.swift in Sources */,
				CAD0D3D926FCADDC005B0254 /* DashboardViewModel.swift in Sources */,
				CA2DCB5B26FDB8C7001A77B8 /* TabItems.swift in Sources */,
				CA365A422705B50100600D9F /* NewCategoryViewModel.swift in Sources */,
				CA387AE7270C7397000F7492 /* EditCategoryAlertVC.swift in Sources */,
				CA78F7F126FC5BD800A6C0F8 /* SceneDelegate.swift in Sources */,
				CA0B6E3926FC7F6D00B2CEA3 /* UIColorExtension.swift in Sources */,
				CA5F115C270B11C500C5A126 /* SettingsViewModel.swift in Sources */,
				CAD0D3D726FCABDE005B0254 /* UserPreferences.swift in Sources */,
				CA15A9D72701E0E000BCF49B /* RegisterViewModel.swift in Sources */,
				CA365A3E2705A88800600D9F /* NewCategoryAlertVC.swift in Sources */,
				CA78F81026FC6AB000A6C0F8 /* SettingsVC.swift in Sources */,
				CAB1689E2701A46800449D97 /* UserTransactionsManager.swift in Sources */,
				CA2DCB6526FDEB80001A77B8 /* AddTransactionViewModel.swift in Sources */,
				CA0B6E3B26FC84E100B2CEA3 /* BottomTabBarController.swift in Sources */,
				CA365A3827059F4E00600D9F /* Category.swift in Sources */,
			);
			runOnlyForDeploymentPostprocessing = 0;
		};
/* End PBXSourcesBuildPhase section */

/* Begin PBXVariantGroup section */
		CA78F7F926FC5BDD00A6C0F8 /* LaunchScreen.storyboard */ = {
			isa = PBXVariantGroup;
			children = (
				CA78F7FA26FC5BDD00A6C0F8 /* Base */,
			);
			name = LaunchScreen.storyboard;
			sourceTree = "<group>";
		};
/* End PBXVariantGroup section */

/* Begin XCBuildConfiguration section */
		CA78F7FD26FC5BDD00A6C0F8 /* Debug */ = {
			isa = XCBuildConfiguration;
			buildSettings = {
				ALWAYS_SEARCH_USER_PATHS = NO;
				CLANG_ANALYZER_NONNULL = YES;
				CLANG_ANALYZER_NUMBER_OBJECT_CONVERSION = YES_AGGRESSIVE;
				CLANG_CXX_LANGUAGE_STANDARD = "gnu++17";
				CLANG_CXX_LIBRARY = "libc++";
				CLANG_ENABLE_MODULES = YES;
				CLANG_ENABLE_OBJC_ARC = YES;
				CLANG_ENABLE_OBJC_WEAK = YES;
				CLANG_WARN_BLOCK_CAPTURE_AUTORELEASING = YES;
				CLANG_WARN_BOOL_CONVERSION = YES;
				CLANG_WARN_COMMA = YES;
				CLANG_WARN_CONSTANT_CONVERSION = YES;
				CLANG_WARN_DEPRECATED_OBJC_IMPLEMENTATIONS = YES;
				CLANG_WARN_DIRECT_OBJC_ISA_USAGE = YES_ERROR;
				CLANG_WARN_DOCUMENTATION_COMMENTS = YES;
				CLANG_WARN_EMPTY_BODY = YES;
				CLANG_WARN_ENUM_CONVERSION = YES;
				CLANG_WARN_INFINITE_RECURSION = YES;
				CLANG_WARN_INT_CONVERSION = YES;
				CLANG_WARN_NON_LITERAL_NULL_CONVERSION = YES;
				CLANG_WARN_OBJC_IMPLICIT_RETAIN_SELF = YES;
				CLANG_WARN_OBJC_LITERAL_CONVERSION = YES;
				CLANG_WARN_OBJC_ROOT_CLASS = YES_ERROR;
				CLANG_WARN_QUOTED_INCLUDE_IN_FRAMEWORK_HEADER = YES;
				CLANG_WARN_RANGE_LOOP_ANALYSIS = YES;
				CLANG_WARN_STRICT_PROTOTYPES = YES;
				CLANG_WARN_SUSPICIOUS_MOVE = YES;
				CLANG_WARN_UNGUARDED_AVAILABILITY = YES_AGGRESSIVE;
				CLANG_WARN_UNREACHABLE_CODE = YES;
				CLANG_WARN__DUPLICATE_METHOD_MATCH = YES;
				COPY_PHASE_STRIP = NO;
				DEBUG_INFORMATION_FORMAT = dwarf;
				ENABLE_STRICT_OBJC_MSGSEND = YES;
				ENABLE_TESTABILITY = YES;
				GCC_C_LANGUAGE_STANDARD = gnu11;
				GCC_DYNAMIC_NO_PIC = NO;
				GCC_NO_COMMON_BLOCKS = YES;
				GCC_OPTIMIZATION_LEVEL = 0;
				GCC_PREPROCESSOR_DEFINITIONS = (
					"DEBUG=1",
					"$(inherited)",
				);
				GCC_WARN_64_TO_32_BIT_CONVERSION = YES;
				GCC_WARN_ABOUT_RETURN_TYPE = YES_ERROR;
				GCC_WARN_UNDECLARED_SELECTOR = YES;
				GCC_WARN_UNINITIALIZED_AUTOS = YES_AGGRESSIVE;
				GCC_WARN_UNUSED_FUNCTION = YES;
				GCC_WARN_UNUSED_VARIABLE = YES;
				IPHONEOS_DEPLOYMENT_TARGET = 15.0;
				MTL_ENABLE_DEBUG_INFO = INCLUDE_SOURCE;
				MTL_FAST_MATH = YES;
				ONLY_ACTIVE_ARCH = YES;
				SDKROOT = iphoneos;
				SWIFT_ACTIVE_COMPILATION_CONDITIONS = DEBUG;
				SWIFT_OPTIMIZATION_LEVEL = "-Onone";
			};
			name = Debug;
		};
		CA78F7FE26FC5BDD00A6C0F8 /* Release */ = {
			isa = XCBuildConfiguration;
			buildSettings = {
				ALWAYS_SEARCH_USER_PATHS = NO;
				CLANG_ANALYZER_NONNULL = YES;
				CLANG_ANALYZER_NUMBER_OBJECT_CONVERSION = YES_AGGRESSIVE;
				CLANG_CXX_LANGUAGE_STANDARD = "gnu++17";
				CLANG_CXX_LIBRARY = "libc++";
				CLANG_ENABLE_MODULES = YES;
				CLANG_ENABLE_OBJC_ARC = YES;
				CLANG_ENABLE_OBJC_WEAK = YES;
				CLANG_WARN_BLOCK_CAPTURE_AUTORELEASING = YES;
				CLANG_WARN_BOOL_CONVERSION = YES;
				CLANG_WARN_COMMA = YES;
				CLANG_WARN_CONSTANT_CONVERSION = YES;
				CLANG_WARN_DEPRECATED_OBJC_IMPLEMENTATIONS = YES;
				CLANG_WARN_DIRECT_OBJC_ISA_USAGE = YES_ERROR;
				CLANG_WARN_DOCUMENTATION_COMMENTS = YES;
				CLANG_WARN_EMPTY_BODY = YES;
				CLANG_WARN_ENUM_CONVERSION = YES;
				CLANG_WARN_INFINITE_RECURSION = YES;
				CLANG_WARN_INT_CONVERSION = YES;
				CLANG_WARN_NON_LITERAL_NULL_CONVERSION = YES;
				CLANG_WARN_OBJC_IMPLICIT_RETAIN_SELF = YES;
				CLANG_WARN_OBJC_LITERAL_CONVERSION = YES;
				CLANG_WARN_OBJC_ROOT_CLASS = YES_ERROR;
				CLANG_WARN_QUOTED_INCLUDE_IN_FRAMEWORK_HEADER = YES;
				CLANG_WARN_RANGE_LOOP_ANALYSIS = YES;
				CLANG_WARN_STRICT_PROTOTYPES = YES;
				CLANG_WARN_SUSPICIOUS_MOVE = YES;
				CLANG_WARN_UNGUARDED_AVAILABILITY = YES_AGGRESSIVE;
				CLANG_WARN_UNREACHABLE_CODE = YES;
				CLANG_WARN__DUPLICATE_METHOD_MATCH = YES;
				COPY_PHASE_STRIP = NO;
				DEBUG_INFORMATION_FORMAT = "dwarf-with-dsym";
				ENABLE_NS_ASSERTIONS = NO;
				ENABLE_STRICT_OBJC_MSGSEND = YES;
				GCC_C_LANGUAGE_STANDARD = gnu11;
				GCC_NO_COMMON_BLOCKS = YES;
				GCC_WARN_64_TO_32_BIT_CONVERSION = YES;
				GCC_WARN_ABOUT_RETURN_TYPE = YES_ERROR;
				GCC_WARN_UNDECLARED_SELECTOR = YES;
				GCC_WARN_UNINITIALIZED_AUTOS = YES_AGGRESSIVE;
				GCC_WARN_UNUSED_FUNCTION = YES;
				GCC_WARN_UNUSED_VARIABLE = YES;
				IPHONEOS_DEPLOYMENT_TARGET = 15.0;
				MTL_ENABLE_DEBUG_INFO = NO;
				MTL_FAST_MATH = YES;
				SDKROOT = iphoneos;
				SWIFT_COMPILATION_MODE = wholemodule;
				SWIFT_OPTIMIZATION_LEVEL = "-O";
				VALIDATE_PRODUCT = YES;
			};
			name = Release;
		};
		CA78F80026FC5BDD00A6C0F8 /* Debug */ = {
			isa = XCBuildConfiguration;
			baseConfigurationReference = 09F6A8375E3D44A7A36BD08D /* Pods-Paysonal.debug.xcconfig */;
			buildSettings = {
				ASSETCATALOG_COMPILER_APPICON_NAME = AppIcon;
				ASSETCATALOG_COMPILER_GLOBAL_ACCENT_COLOR_NAME = AccentColor;
				ASSETCATALOG_COMPILER_INCLUDE_ALL_APPICON_ASSETS = YES;
				CODE_SIGN_STYLE = Automatic;
				CURRENT_PROJECT_VERSION = 1;
				DEVELOPMENT_TEAM = DN9UYF2744;
				GENERATE_INFOPLIST_FILE = YES;
				INFOPLIST_FILE = Paysonal/Info.plist;
				INFOPLIST_KEY_UIApplicationSupportsIndirectInputEvents = YES;
				INFOPLIST_KEY_UILaunchStoryboardName = LaunchScreen;
				INFOPLIST_KEY_UIMainStoryboardFile = Login;
				INFOPLIST_KEY_UISupportedInterfaceOrientations = "UIInterfaceOrientationPortrait UIInterfaceOrientationPortraitUpsideDown";
				INFOPLIST_KEY_UISupportedInterfaceOrientations_iPad = "UIInterfaceOrientationPortrait UIInterfaceOrientationPortraitUpsideDown UIInterfaceOrientationLandscapeLeft UIInterfaceOrientationLandscapeRight";
				INFOPLIST_KEY_UISupportedInterfaceOrientations_iPhone = "UIInterfaceOrientationPortrait UIInterfaceOrientationLandscapeLeft UIInterfaceOrientationLandscapeRight";
				LD_RUNPATH_SEARCH_PATHS = (
					"$(inherited)",
					"@executable_path/Frameworks",
				);
				MARKETING_VERSION = 1.0;
				PRODUCT_BUNDLE_IDENTIFIER = net.Paysonal.paysonal;
				PRODUCT_NAME = "$(TARGET_NAME)";
				SWIFT_EMIT_LOC_STRINGS = YES;
				SWIFT_VERSION = 5.0;
				TARGETED_DEVICE_FAMILY = 1;
			};
			name = Debug;
		};
		CA78F80126FC5BDD00A6C0F8 /* Release */ = {
			isa = XCBuildConfiguration;
			baseConfigurationReference = 1FC917A6C75A2E07C38D71F5 /* Pods-Paysonal.release.xcconfig */;
			buildSettings = {
				ASSETCATALOG_COMPILER_APPICON_NAME = AppIcon;
				ASSETCATALOG_COMPILER_GLOBAL_ACCENT_COLOR_NAME = AccentColor;
				ASSETCATALOG_COMPILER_INCLUDE_ALL_APPICON_ASSETS = YES;
				CODE_SIGN_STYLE = Automatic;
				CURRENT_PROJECT_VERSION = 1;
				DEVELOPMENT_TEAM = DN9UYF2744;
				GENERATE_INFOPLIST_FILE = YES;
				INFOPLIST_FILE = Paysonal/Info.plist;
				INFOPLIST_KEY_UIApplicationSupportsIndirectInputEvents = YES;
				INFOPLIST_KEY_UILaunchStoryboardName = LaunchScreen;
				INFOPLIST_KEY_UIMainStoryboardFile = Login;
				INFOPLIST_KEY_UISupportedInterfaceOrientations = "UIInterfaceOrientationPortrait UIInterfaceOrientationPortraitUpsideDown";
				INFOPLIST_KEY_UISupportedInterfaceOrientations_iPad = "UIInterfaceOrientationPortrait UIInterfaceOrientationPortraitUpsideDown UIInterfaceOrientationLandscapeLeft UIInterfaceOrientationLandscapeRight";
				INFOPLIST_KEY_UISupportedInterfaceOrientations_iPhone = "UIInterfaceOrientationPortrait UIInterfaceOrientationLandscapeLeft UIInterfaceOrientationLandscapeRight";
				LD_RUNPATH_SEARCH_PATHS = (
					"$(inherited)",
					"@executable_path/Frameworks",
				);
				MARKETING_VERSION = 1.0;
				PRODUCT_BUNDLE_IDENTIFIER = net.Paysonal.paysonal;
				PRODUCT_NAME = "$(TARGET_NAME)";
				SWIFT_EMIT_LOC_STRINGS = YES;
				SWIFT_VERSION = 5.0;
				TARGETED_DEVICE_FAMILY = 1;
			};
			name = Release;
		};
/* End XCBuildConfiguration section */

/* Begin XCConfigurationList section */
		CA78F7E626FC5BD700A6C0F8 /* Build configuration list for PBXProject "Paysonal" */ = {
			isa = XCConfigurationList;
			buildConfigurations = (
				CA78F7FD26FC5BDD00A6C0F8 /* Debug */,
				CA78F7FE26FC5BDD00A6C0F8 /* Release */,
			);
			defaultConfigurationIsVisible = 0;
			defaultConfigurationName = Release;
		};
		CA78F7FF26FC5BDD00A6C0F8 /* Build configuration list for PBXNativeTarget "Paysonal" */ = {
			isa = XCConfigurationList;
			buildConfigurations = (
				CA78F80026FC5BDD00A6C0F8 /* Debug */,
				CA78F80126FC5BDD00A6C0F8 /* Release */,
			);
			defaultConfigurationIsVisible = 0;
			defaultConfigurationName = Release;
		};
/* End XCConfigurationList section */
	};
	rootObject = CA78F7E326FC5BD700A6C0F8 /* Project object */;
}
